// !$*UTF8*$!
{
	archiveVersion = 1;
	classes = {
	};
	objectVersion = 55;
	objects = {

/* Begin PBXBuildFile section */
		3F0FC2C82ADF09FD002203CE /* LevelerApp.swift in Sources */ = {isa = PBXBuildFile; fileRef = 3F0FC2C72ADF09FD002203CE /* LevelerApp.swift */; };
		3F0FC2CC2ADF0A00002203CE /* Assets.xcassets in Resources */ = {isa = PBXBuildFile; fileRef = 3F0FC2CB2ADF0A00002203CE /* Assets.xcassets */; };
		3F0FC2CF2ADF0A00002203CE /* Preview Assets.xcassets in Resources */ = {isa = PBXBuildFile; fileRef = 3F0FC2CE2ADF0A00002203CE /* Preview Assets.xcassets */; };
		3F0FC2D62ADF0B71002203CE /* BubbleLevel.swift in Sources */ = {isa = PBXBuildFile; fileRef = 3F0FC2D52ADF0B71002203CE /* BubbleLevel.swift */; };
		3F0FC2D82ADF0B9D002203CE /* DoubleExtension.swift in Sources */ = {isa = PBXBuildFile; fileRef = 3F0FC2D72ADF0B95002203CE /* DoubleExtension.swift */; };
		3F0FC2DA2ADF0C16002203CE /* LevelView.swift in Sources */ = {isa = PBXBuildFile; fileRef = 3F0FC2D92ADF0C16002203CE /* LevelView.swift */; };
		3F0FC2DC2ADF0C1A002203CE /* MotionDetector.swift in Sources */ = {isa = PBXBuildFile; fileRef = 3F0FC2DB2ADF0C1A002203CE /* MotionDetector.swift */; };
		3F0FC2DE2ADF0C1E002203CE /* OrientationDataView.swift in Sources */ = {isa = PBXBuildFile; fileRef = 3F0FC2DD2ADF0C1E002203CE /* OrientationDataView.swift */; };
/* End PBXBuildFile section */

/* Begin PBXFileReference section */
		3F0FC2C42ADF09FC002203CE /* Leveler.app */ = {isa = PBXFileReference; explicitFileType = wrapper.application; includeInIndex = 0; path = Leveler.app; sourceTree = BUILT_PRODUCTS_DIR; };
		3F0FC2C72ADF09FD002203CE /* LevelerApp.swift */ = {isa = PBXFileReference; lastKnownFileType = sourcecode.swift; path = LevelerApp.swift; sourceTree = "<group>"; };
		3F0FC2CB2ADF0A00002203CE /* Assets.xcassets */ = {isa = PBXFileReference; lastKnownFileType = folder.assetcatalog; path = Assets.xcassets; sourceTree = "<group>"; };
		3F0FC2CE2ADF0A00002203CE /* Preview Assets.xcassets */ = {isa = PBXFileReference; lastKnownFileType = folder.assetcatalog; path = "Preview Assets.xcassets"; sourceTree = "<group>"; };
		3F0FC2D52ADF0B71002203CE /* BubbleLevel.swift */ = {isa = PBXFileReference; fileEncoding = 4; lastKnownFileType = sourcecode.swift; name = BubbleLevel.swift; path = "../../../Downloads/Bubble Level.swiftpm/App/BubbleLevel.swift"; sourceTree = "<group>"; };
		3F0FC2D72ADF0B95002203CE /* DoubleExtension.swift */ = {isa = PBXFileReference; fileEncoding = 4; lastKnownFileType = sourcecode.swift; name = DoubleExtension.swift; path = "../../../Downloads/Bubble Level.swiftpm/App/DoubleExtension.swift"; sourceTree = "<group>"; };
		3F0FC2D92ADF0C16002203CE /* LevelView.swift */ = {isa = PBXFileReference; fileEncoding = 4; lastKnownFileType = sourcecode.swift; name = LevelView.swift; path = "../../../Downloads/Bubble Level.swiftpm/App/LevelView.swift"; sourceTree = "<group>"; };
		3F0FC2DB2ADF0C1A002203CE /* MotionDetector.swift */ = {isa = PBXFileReference; fileEncoding = 4; lastKnownFileType = sourcecode.swift; name = MotionDetector.swift; path = "../../../Downloads/Bubble Level.swiftpm/App/MotionDetector.swift"; sourceTree = "<group>"; };
		3F0FC2DD2ADF0C1E002203CE /* OrientationDataView.swift */ = {isa = PBXFileReference; fileEncoding = 4; lastKnownFileType = sourcecode.swift; name = OrientationDataView.swift; path = "../../../Downloads/Bubble Level.swiftpm/App/OrientationDataView.swift"; sourceTree = "<group>"; };
/* End PBXFileReference section */

/* Begin PBXFrameworksBuildPhase section */
		3F0FC2C12ADF09FC002203CE /* Frameworks */ = {
			isa = PBXFrameworksBuildPhase;
			buildActionMask = 2147483647;
			files = (
			);
			runOnlyForDeploymentPostprocessing = 0;
		};
/* End PBXFrameworksBuildPhase section */

/* Begin PBXGroup section */
		3F0FC2BB2ADF09FC002203CE = {
			isa = PBXGroup;
			children = (
				3F0FC2C62ADF09FD002203CE /* Leveler */,
				3F0FC2C52ADF09FD002203CE /* Products */,
			);
			sourceTree = "<group>";
		};
		3F0FC2C52ADF09FD002203CE /* Products */ = {
			isa = PBXGroup;
			children = (
				3F0FC2C42ADF09FC002203CE /* Leveler.app */,
			);
			name = Products;
			sourceTree = "<group>";
		};
		3F0FC2C62ADF09FD002203CE /* Leveler */ = {
			isa = PBXGroup;
			children = (
				3F0FC2D52ADF0B71002203CE /* BubbleLevel.swift */,
				3F0FC2C72ADF09FD002203CE /* LevelerApp.swift */,
				3F0FC2D72ADF0B95002203CE /* DoubleExtension.swift */,
				3F0FC2D92ADF0C16002203CE /* LevelView.swift */,
				3F0FC2DB2ADF0C1A002203CE /* MotionDetector.swift */,
				3F0FC2DD2ADF0C1E002203CE /* OrientationDataView.swift */,
				3F0FC2CB2ADF0A00002203CE /* Assets.xcassets */,
				3F0FC2CD2ADF0A00002203CE /* Preview Content */,
			);
			path = Leveler;
			sourceTree = "<group>";
		};
		3F0FC2CD2ADF0A00002203CE /* Preview Content */ = {
			isa = PBXGroup;
			children = (
				3F0FC2CE2ADF0A00002203CE /* Preview Assets.xcassets */,
			);
			path = "Preview Content";
			sourceTree = "<group>";
		};
/* End PBXGroup section */

/* Begin PBXNativeTarget section */
		3F0FC2C32ADF09FC002203CE /* Leveler */ = {
			isa = PBXNativeTarget;
			buildConfigurationList = 3F0FC2D22ADF0A00002203CE /* Build configuration list for PBXNativeTarget "Leveler" */;
			buildPhases = (
				3F0FC2C02ADF09FC002203CE /* Sources */,
				3F0FC2C12ADF09FC002203CE /* Frameworks */,
				3F0FC2C22ADF09FC002203CE /* Resources */,
			);
			buildRules = (
			);
			dependencies = (
			);
			name = Leveler;
			productName = Test;
			productReference = 3F0FC2C42ADF09FC002203CE /* Leveler.app */;
			productType = "com.apple.product-type.application";
		};
/* End PBXNativeTarget section */

/* Begin PBXProject section */
		3F0FC2BC2ADF09FC002203CE /* Project object */ = {
			isa = PBXProject;
			attributes = {
				BuildIndependentTargetsInParallel = 1;
				LastSwiftUpdateCheck = 1340;
				LastUpgradeCheck = 1340;
				TargetAttributes = {
					3F0FC2C32ADF09FC002203CE = {
						CreatedOnToolsVersion = 13.4;
					};
				};
			};
			buildConfigurationList = 3F0FC2BF2ADF09FC002203CE /* Build configuration list for PBXProject "Leveler" */;
			compatibilityVersion = "Xcode 13.0";
			developmentRegion = en;
			hasScannedForEncodings = 0;
			knownRegions = (
				en,
				Base,
			);
			mainGroup = 3F0FC2BB2ADF09FC002203CE;
			productRefGroup = 3F0FC2C52ADF09FD002203CE /* Products */;
			projectDirPath = "";
			projectRoot = "";
			targets = (
				3F0FC2C32ADF09FC002203CE /* Leveler */,
			);
		};
/* End PBXProject section */

/* Begin PBXResourcesBuildPhase section */
		3F0FC2C22ADF09FC002203CE /* Resources */ = {
			isa = PBXResourcesBuildPhase;
			buildActionMask = 2147483647;
			files = (
				3F0FC2CF2ADF0A00002203CE /* Preview Assets.xcassets in Resources */,
				3F0FC2CC2ADF0A00002203CE /* Assets.xcassets in Resources */,
			);
			runOnlyForDeploymentPostprocessing = 0;
		};
/* End PBXResourcesBuildPhase section */

/* Begin PBXSourcesBuildPhase section */
		3F0FC2C02ADF09FC002203CE /* Sources */ = {
			isa = PBXSourcesBuildPhase;
			buildActionMask = 2147483647;
			files = (
				3F0FC2D82ADF0B9D002203CE /* DoubleExtension.swift in Sources */,
				3F0FC2DE2ADF0C1E002203CE /* OrientationDataView.swift in Sources */,
				3F0FC2C82ADF09FD002203CE /* LevelerApp.swift in Sources */,
				3F0FC2D62ADF0B71002203CE /* BubbleLevel.swift in Sources */,
				3F0FC2DA2ADF0C16002203CE /* LevelView.swift in Sources */,
				3F0FC2DC2ADF0C1A002203CE /* MotionDetector.swift in Sources */,
			);
			runOnlyForDeploymentPostprocessing = 0;
		};
/* End PBXSourcesBuildPhase section */

/* Begin XCBuildConfiguration section */
		3F0FC2D02ADF0A00002203CE /* Debug */ = {
			isa = XCBuildConfiguration;
			buildSettings = {
				ALWAYS_SEARCH_USER_PATHS = NO;
				CLANG_ANALYZER_NONNULL = YES;
				CLANG_ANALYZER_NUMBER_OBJECT_CONVERSION = YES_AGGRESSIVE;
				CLANG_CXX_LANGUAGE_STANDARD = "gnu++17";
				CLANG_ENABLE_MODULES = YES;
				CLANG_ENABLE_OBJC_ARC = YES;
				CLANG_ENABLE_OBJC_WEAK = YES;
				CLANG_WARN_BLOCK_CAPTURE_AUTORELEASING = YES;
				CLANG_WARN_BOOL_CONVERSION = YES;
				CLANG_WARN_COMMA = YES;
				CLANG_WARN_CONSTANT_CONVERSION = YES;
				CLANG_WARN_DEPRECATED_OBJC_IMPLEMENTATIONS = YES;
				CLANG_WARN_DIRECT_OBJC_ISA_USAGE = YES_ERROR;
				CLANG_WARN_DOCUMENTATION_COMMENTS = YES;
				CLANG_WARN_EMPTY_BODY = YES;
				CLANG_WARN_ENUM_CONVERSION = YES;
				CLANG_WARN_INFINITE_RECURSION = YES;
				CLANG_WARN_INT_CONVERSION = YES;
				CLANG_WARN_NON_LITERAL_NULL_CONVERSION = YES;
				CLANG_WARN_OBJC_IMPLICIT_RETAIN_SELF = YES;
				CLANG_WARN_OBJC_LITERAL_CONVERSION = YES;
				CLANG_WARN_OBJC_ROOT_CLASS = YES_ERROR;
				CLANG_WARN_QUOTED_INCLUDE_IN_FRAMEWORK_HEADER = YES;
				CLANG_WARN_RANGE_LOOP_ANALYSIS = YES;
				CLANG_WARN_STRICT_PROTOTYPES = YES;
				CLANG_WARN_SUSPICIOUS_MOVE = YES;
				CLANG_WARN_UNGUARDED_AVAILABILITY = YES_AGGRESSIVE;
				CLANG_WARN_UNREACHABLE_CODE = YES;
				CLANG_WARN__DUPLICATE_METHOD_MATCH = YES;
				COPY_PHASE_STRIP = NO;
				DEBUG_INFORMATION_FORMAT = dwarf;
				ENABLE_STRICT_OBJC_MSGSEND = YES;
				ENABLE_TESTABILITY = YES;
				GCC_C_LANGUAGE_STANDARD = gnu11;
				GCC_DYNAMIC_NO_PIC = NO;
				GCC_NO_COMMON_BLOCKS = YES;
				GCC_OPTIMIZATION_LEVEL = 0;
				GCC_PREPROCESSOR_DEFINITIONS = (
					"DEBUG=1",
					"$(inherited)",
				);
				GCC_WARN_64_TO_32_BIT_CONVERSION = YES;
				GCC_WARN_ABOUT_RETURN_TYPE = YES_ERROR;
				GCC_WARN_UNDECLARED_SELECTOR = YES;
				GCC_WARN_UNINITIALIZED_AUTOS = YES_AGGRESSIVE;
				GCC_WARN_UNUSED_FUNCTION = YES;
				GCC_WARN_UNUSED_VARIABLE = YES;
				IPHONEOS_DEPLOYMENT_TARGET = 15.5;
				MTL_ENABLE_DEBUG_INFO = INCLUDE_SOURCE;
				MTL_FAST_MATH = YES;
				ONLY_ACTIVE_ARCH = YES;
				SDKROOT = iphoneos;
				SWIFT_ACTIVE_COMPILATION_CONDITIONS = DEBUG;
				SWIFT_OPTIMIZATION_LEVEL = "-Onone";
			};
			name = Debug;
		};
		3F0FC2D12ADF0A00002203CE /* Release */ = {
			isa = XCBuildConfiguration;
			buildSettings = {
				ALWAYS_SEARCH_USER_PATHS = NO;
				CLANG_ANALYZER_NONNULL = YES;
				CLANG_ANALYZER_NUMBER_OBJECT_CONVERSION = YES_AGGRESSIVE;
				CLANG_CXX_LANGUAGE_STANDARD = "gnu++17";
				CLANG_ENABLE_MODULES = YES;
				CLANG_ENABLE_OBJC_ARC = YES;
				CLANG_ENABLE_OBJC_WEAK = YES;
				CLANG_WARN_BLOCK_CAPTURE_AUTORELEASING = YES;
				CLANG_WARN_BOOL_CONVERSION = YES;
				CLANG_WARN_COMMA = YES;
				CLANG_WARN_CONSTANT_CONVERSION = YES;
				CLANG_WARN_DEPRECATED_OBJC_IMPLEMENTATIONS = YES;
				CLANG_WARN_DIRECT_OBJC_ISA_USAGE = YES_ERROR;
				CLANG_WARN_DOCUMENTATION_COMMENTS = YES;
				CLANG_WARN_EMPTY_BODY = YES;
				CLANG_WARN_ENUM_CONVERSION = YES;
				CLANG_WARN_INFINITE_RECURSION = YES;
				CLANG_WARN_INT_CONVERSION = YES;
				CLANG_WARN_NON_LITERAL_NULL_CONVERSION = YES;
				CLANG_WARN_OBJC_IMPLICIT_RETAIN_SELF = YES;
				CLANG_WARN_OBJC_LITERAL_CONVERSION = YES;
				CLANG_WARN_OBJC_ROOT_CLASS = YES_ERROR;
				CLANG_WARN_QUOTED_INCLUDE_IN_FRAMEWORK_HEADER = YES;
				CLANG_WARN_RANGE_LOOP_ANALYSIS = YES;
				CLANG_WARN_STRICT_PROTOTYPES = YES;
				CLANG_WARN_SUSPICIOUS_MOVE = YES;
				CLANG_WARN_UNGUARDED_AVAILABILITY = YES_AGGRESSIVE;
				CLANG_WARN_UNREACHABLE_CODE = YES;
				CLANG_WARN__DUPLICATE_METHOD_MATCH = YES;
				COPY_PHASE_STRIP = NO;
				DEBUG_INFORMATION_FORMAT = "dwarf-with-dsym";
				ENABLE_NS_ASSERTIONS = NO;
				ENABLE_STRICT_OBJC_MSGSEND = YES;
				GCC_C_LANGUAGE_STANDARD = gnu11;
				GCC_NO_COMMON_BLOCKS = YES;
				GCC_WARN_64_TO_32_BIT_CONVERSION = YES;
				GCC_WARN_ABOUT_RETURN_TYPE = YES_ERROR;
				GCC_WARN_UNDECLARED_SELECTOR = YES;
				GCC_WARN_UNINITIALIZED_AUTOS = YES_AGGRESSIVE;
				GCC_WARN_UNUSED_FUNCTION = YES;
				GCC_WARN_UNUSED_VARIABLE = YES;
				IPHONEOS_DEPLOYMENT_TARGET = 15.5;
				MTL_ENABLE_DEBUG_INFO = NO;
				MTL_FAST_MATH = YES;
				SDKROOT = iphoneos;
				SWIFT_COMPILATION_MODE = wholemodule;
				SWIFT_OPTIMIZATION_LEVEL = "-O";
				VALIDATE_PRODUCT = YES;
			};
			name = Release;
		};
		3F0FC2D32ADF0A00002203CE /* Debug */ = {
			isa = XCBuildConfiguration;
			buildSettings = {
				ASSETCATALOG_COMPILER_APPICON_NAME = AppIcon;
				ASSETCATALOG_COMPILER_GLOBAL_ACCENT_COLOR_NAME = AccentColor;
				CODE_SIGN_STYLE = Automatic;
				CURRENT_PROJECT_VERSION = 1;
				DEVELOPMENT_ASSET_PATHS = "\"Test/Preview Content\"";
				ENABLE_PREVIEWS = YES;
				GENERATE_INFOPLIST_FILE = YES;
				INFOPLIST_KEY_UIApplicationSceneManifest_Generation = YES;
				INFOPLIST_KEY_UIApplicationSupportsIndirectInputEvents = YES;
				INFOPLIST_KEY_UILaunchScreen_Generation = YES;
				INFOPLIST_KEY_UISupportedInterfaceOrientations_iPad = "UIInterfaceOrientationPortrait UIInterfaceOrientationPortraitUpsideDown UIInterfaceOrientationLandscapeLeft UIInterfaceOrientationLandscapeRight";
				INFOPLIST_KEY_UISupportedInterfaceOrientations_iPhone = "UIInterfaceOrientationPortrait UIInterfaceOrientationLandscapeLeft UIInterfaceOrientationLandscapeRight";
				LD_RUNPATH_SEARCH_PATHS = (
					"$(inherited)",
					"@executable_path/Frameworks",
				);
				MARKETING_VERSION = 1.0;
				PRODUCT_BUNDLE_IDENTIFIER = AngadAndMegh.Test;
				PRODUCT_NAME = "$(TARGET_NAME)";
				SWIFT_EMIT_LOC_STRINGS = YES;
				SWIFT_VERSION = 5.0;
				TARGETED_DEVICE_FAMILY = "1,2";
			};
			name = Debug;
		};
		3F0FC2D42ADF0A00002203CE /* Release */ = {
			isa = XCBuildConfiguration;
			buildSettings = {
				ASSETCATALOG_COMPILER_APPICON_NAME = AppIcon;
				ASSETCATALOG_COMPILER_GLOBAL_ACCENT_COLOR_NAME = AccentColor;
				CODE_SIGN_STYLE = Automatic;
				CURRENT_PROJECT_VERSION = 1;
				DEVELOPMENT_ASSET_PATHS = "\"Test/Preview Content\"";
				ENABLE_PREVIEWS = YES;
				GENERATE_INFOPLIST_FILE = YES;
				INFOPLIST_KEY_UIApplicationSceneManifest_Generation = YES;
				INFOPLIST_KEY_UIApplicationSupportsIndirectInputEvents = YES;
				INFOPLIST_KEY_UILaunchScreen_Generation = YES;
				INFOPLIST_KEY_UISupportedInterfaceOrientations_iPad = "UIInterfaceOrientationPortrait UIInterfaceOrientationPortraitUpsideDown UIInterfaceOrientationLandscapeLeft UIInterfaceOrientationLandscapeRight";
				INFOPLIST_KEY_UISupportedInterfaceOrientations_iPhone = "UIInterfaceOrientationPortrait UIInterfaceOrientationLandscapeLeft UIInterfaceOrientationLandscapeRight";
				LD_RUNPATH_SEARCH_PATHS = (
					"$(inherited)",
					"@executable_path/Frameworks",
				);
				MARKETING_VERSION = 1.0;
				PRODUCT_BUNDLE_IDENTIFIER = AngadAndMegh.Test;
				PRODUCT_NAME = "$(TARGET_NAME)";
				SWIFT_EMIT_LOC_STRINGS = YES;
				SWIFT_VERSION = 5.0;
				TARGETED_DEVICE_FAMILY = "1,2";
			};
			name = Release;
		};
/* End XCBuildConfiguration section */

/* Begin XCConfigurationList section */
		3F0FC2BF2ADF09FC002203CE /* Build configuration list for PBXProject "Leveler" */ = {
			isa = XCConfigurationList;
			buildConfigurations = (
				3F0FC2D02ADF0A00002203CE /* Debug */,
				3F0FC2D12ADF0A00002203CE /* Release */,
			);
			defaultConfigurationIsVisible = 0;
			defaultConfigurationName = Release;
		};
		3F0FC2D22ADF0A00002203CE /* Build configuration list for PBXNativeTarget "Leveler" */ = {
			isa = XCConfigurationList;
			buildConfigurations = (
				3F0FC2D32ADF0A00002203CE /* Debug */,
				3F0FC2D42ADF0A00002203CE /* Release */,
			);
			defaultConfigurationIsVisible = 0;
			defaultConfigurationName = Release;
		};
/* End XCConfigurationList section */
	};
	rootObject = 3F0FC2BC2ADF09FC002203CE /* Project object */;
}
